
Microsoft Visual Studio Solution File, Format Version 12.00
# Visual Studio Version 16
VisualStudioVersion = 16.0.31005.135
MinimumVisualStudioVersion = 10.0.40219.1
Project("{FAE04EC0-301F-11D3-BF4B-00C04F79EFBC}") = "AdminInterface", "AdminInterface\AdminInterface.csproj", "{2ED1C5B2-EBC9-4116-A90B-71341C702C9E}"
EndProject
Project("{FAE04EC0-301F-11D3-BF4B-00C04F79EFBC}") = "CafeLib", "CafeLib\CafeLib.csproj", "{47FB9799-F9F1-4B59-A068-0AFCA5AAAA31}"
EndProject
Project("{FAE04EC0-301F-11D3-BF4B-00C04F79EFBC}") = "UserInterface", "UserInterface\UserInterface.csproj", "{8832808F-A5D9-4ACC-B75C-273811C30402}"
EndProject
Global
	GlobalSection(SolutionConfigurationPlatforms) = preSolution
		Debug|Any CPU = Debug|Any CPU
		Release|Any CPU = Release|Any CPU
	EndGlobalSection
	GlobalSection(ProjectConfigurationPlatforms) = postSolution
		{2ED1C5B2-EBC9-4116-A90B-71341C702C9E}.Debug|Any CPU.ActiveCfg = Debug|Any CPU
		{2ED1C5B2-EBC9-4116-A90B-71341C702C9E}.Debug|Any CPU.Build.0 = Debug|Any CPU
		{2ED1C5B2-EBC9-4116-A90B-71341C702C9E}.Release|Any CPU.ActiveCfg = Release|Any CPU
		{2ED1C5B2-EBC9-4116-A90B-71341C702C9E}.Release|Any CPU.Build.0 = Release|Any CPU
		{47FB9799-F9F1-4B59-A068-0AFCA5AAAA31}.Debug|Any CPU.ActiveCfg = Debug|Any CPU
		{47FB9799-F9F1-4B59-A068-0AFCA5AAAA31}.Debug|Any CPU.Build.0 = Debug|Any CPU
		{47FB9799-F9F1-4B59-A068-0AFCA5AAAA31}.Release|Any CPU.ActiveCfg = Release|Any CPU
		{47FB9799-F9F1-4B59-A068-0AFCA5AAAA31}.Release|Any CPU.Build.0 = Release|Any CPU
		{8832808F-A5D9-4ACC-B75C-273811C30402}.Debug|Any CPU.ActiveCfg = Debug|Any CPU
		{8832808F-A5D9-4ACC-B75C-273811C30402}.Debug|Any CPU.Build.0 = Debug|Any CPU
		{8832808F-A5D9-4ACC-B75C-273811C30402}.Release|Any CPU.ActiveCfg = Release|Any CPU
		{8832808F-A5D9-4ACC-B75C-273811C30402}.Release|Any CPU.Build.0 = Release|Any CPU
	EndGlobalSection
	GlobalSection(SolutionProperties) = preSolution
		HideSolutionNode = FALSE
	EndGlobalSection
	GlobalSection(ExtensibilityGlobals) = postSolution
		SolutionGuid = {FF8F8767-1BF0-4567-B294-3B3DA13AAAC0}
	EndGlobalSection
EndGlobal
